// !$*UTF8*$!
{
	archiveVersion = 1;
	classes = {
	};
	objectVersion = 56;
	objects = {

/* Begin PBXBuildFile section */
		22075A262B7A99BF00ABEAF2 /* AppDelegate.swift in Sources */ = {isa = PBXBuildFile; fileRef = 22075A252B7A99BF00ABEAF2 /* AppDelegate.swift */; };
		22075A282B7A99BF00ABEAF2 /* SceneDelegate.swift in Sources */ = {isa = PBXBuildFile; fileRef = 22075A272B7A99BF00ABEAF2 /* SceneDelegate.swift */; };
		22075A2A2B7A99BF00ABEAF2 /* ViewController.swift in Sources */ = {isa = PBXBuildFile; fileRef = 22075A292B7A99BF00ABEAF2 /* ViewController.swift */; };
		22075A2D2B7A99BF00ABEAF2 /* Main.storyboard in Resources */ = {isa = PBXBuildFile; fileRef = 22075A2B2B7A99BF00ABEAF2 /* Main.storyboard */; };
		22075A2F2B7A99C000ABEAF2 /* Assets.xcassets in Resources */ = {isa = PBXBuildFile; fileRef = 22075A2E2B7A99C000ABEAF2 /* Assets.xcassets */; };
		22075A322B7A99C000ABEAF2 /* LaunchScreen.storyboard in Resources */ = {isa = PBXBuildFile; fileRef = 22075A302B7A99C000ABEAF2 /* LaunchScreen.storyboard */; };
		22075A3D2B7A99C000ABEAF2 /* LabCh_5TabitaSTests.swift in Sources */ = {isa = PBXBuildFile; fileRef = 22075A3C2B7A99C000ABEAF2 /* LabCh_5TabitaSTests.swift */; };
		22075A472B7A99C000ABEAF2 /* LabCh_5TabitaSUITests.swift in Sources */ = {isa = PBXBuildFile; fileRef = 22075A462B7A99C000ABEAF2 /* LabCh_5TabitaSUITests.swift */; };
		22075A492B7A99C000ABEAF2 /* LabCh_5TabitaSUITestsLaunchTests.swift in Sources */ = {isa = PBXBuildFile; fileRef = 22075A482B7A99C000ABEAF2 /* LabCh_5TabitaSUITestsLaunchTests.swift */; };
/* End PBXBuildFile section */

/* Begin PBXContainerItemProxy section */
		22075A392B7A99C000ABEAF2 /* PBXContainerItemProxy */ = {
			isa = PBXContainerItemProxy;
			containerPortal = 22075A1A2B7A99BF00ABEAF2 /* Project object */;
			proxyType = 1;
			remoteGlobalIDString = 22075A212B7A99BF00ABEAF2;
			remoteInfo = "LabCh#5TabitaS";
		};
		22075A432B7A99C000ABEAF2 /* PBXContainerItemProxy */ = {
			isa = PBXContainerItemProxy;
			containerPortal = 22075A1A2B7A99BF00ABEAF2 /* Project object */;
			proxyType = 1;
			remoteGlobalIDString = 22075A212B7A99BF00ABEAF2;
			remoteInfo = "LabCh#5TabitaS";
		};
/* End PBXContainerItemProxy section */

/* Begin PBXFileReference section */
		22075A222B7A99BF00ABEAF2 /* LabCh#5TabitaS.app */ = {isa = PBXFileReference; explicitFileType = wrapper.application; includeInIndex = 0; path = "LabCh#5TabitaS.app"; sourceTree = BUILT_PRODUCTS_DIR; };
		22075A252B7A99BF00ABEAF2 /* AppDelegate.swift */ = {isa = PBXFileReference; lastKnownFileType = sourcecode.swift; path = AppDelegate.swift; sourceTree = "<group>"; };
		22075A272B7A99BF00ABEAF2 /* SceneDelegate.swift */ = {isa = PBXFileReference; lastKnownFileType = sourcecode.swift; path = SceneDelegate.swift; sourceTree = "<group>"; };
		22075A292B7A99BF00ABEAF2 /* ViewController.swift */ = {isa = PBXFileReference; lastKnownFileType = sourcecode.swift; path = ViewController.swift; sourceTree = "<group>"; };
		22075A2C2B7A99BF00ABEAF2 /* Base */ = {isa = PBXFileReference; lastKnownFileType = file.storyboard; name = Base; path = Base.lproj/Main.storyboard; sourceTree = "<group>"; };
		22075A2E2B7A99C000ABEAF2 /* Assets.xcassets */ = {isa = PBXFileReference; lastKnownFileType = folder.assetcatalog; path = Assets.xcassets; sourceTree = "<group>"; };
		22075A312B7A99C000ABEAF2 /* Base */ = {isa = PBXFileReference; lastKnownFileType = file.storyboard; name = Base; path = Base.lproj/LaunchScreen.storyboard; sourceTree = "<group>"; };
		22075A332B7A99C000ABEAF2 /* Info.plist */ = {isa = PBXFileReference; lastKnownFileType = text.plist.xml; path = Info.plist; sourceTree = "<group>"; };
		22075A382B7A99C000ABEAF2 /* LabCh#5TabitaSTests.xctest */ = {isa = PBXFileReference; explicitFileType = wrapper.cfbundle; includeInIndex = 0; path = "LabCh#5TabitaSTests.xctest"; sourceTree = BUILT_PRODUCTS_DIR; };
		22075A3C2B7A99C000ABEAF2 /* LabCh_5TabitaSTests.swift */ = {isa = PBXFileReference; lastKnownFileType = sourcecode.swift; path = LabCh_5TabitaSTests.swift; sourceTree = "<group>"; };
		22075A422B7A99C000ABEAF2 /* LabCh#5TabitaSUITests.xctest */ = {isa = PBXFileReference; explicitFileType = wrapper.cfbundle; includeInIndex = 0; path = "LabCh#5TabitaSUITests.xctest"; sourceTree = BUILT_PRODUCTS_DIR; };
		22075A462B7A99C000ABEAF2 /* LabCh_5TabitaSUITests.swift */ = {isa = PBXFileReference; lastKnownFileType = sourcecode.swift; path = LabCh_5TabitaSUITests.swift; sourceTree = "<group>"; };
		22075A482B7A99C000ABEAF2 /* LabCh_5TabitaSUITestsLaunchTests.swift */ = {isa = PBXFileReference; lastKnownFileType = sourcecode.swift; path = LabCh_5TabitaSUITestsLaunchTests.swift; sourceTree = "<group>"; };
/* End PBXFileReference section */

/* Begin PBXFrameworksBuildPhase section */
		22075A1F2B7A99BF00ABEAF2 /* Frameworks */ = {
			isa = PBXFrameworksBuildPhase;
			buildActionMask = 2147483647;
			files = (
			);
			runOnlyForDeploymentPostprocessing = 0;
		};
		22075A352B7A99C000ABEAF2 /* Frameworks */ = {
			isa = PBXFrameworksBuildPhase;
			buildActionMask = 2147483647;
			files = (
			);
			runOnlyForDeploymentPostprocessing = 0;
		};
		22075A3F2B7A99C000ABEAF2 /* Frameworks */ = {
			isa = PBXFrameworksBuildPhase;
			buildActionMask = 2147483647;
			files = (
			);
			runOnlyForDeploymentPostprocessing = 0;
		};
/* End PBXFrameworksBuildPhase section */

/* Begin PBXGroup section */
		22075A192B7A99BF00ABEAF2 = {
			isa = PBXGroup;
			children = (
				22075A242B7A99BF00ABEAF2 /* LabCh#5TabitaS */,
				22075A3B2B7A99C000ABEAF2 /* LabCh#5TabitaSTests */,
				22075A452B7A99C000ABEAF2 /* LabCh#5TabitaSUITests */,
				22075A232B7A99BF00ABEAF2 /* Products */,
			);
			sourceTree = "<group>";
		};
		22075A232B7A99BF00ABEAF2 /* Products */ = {
			isa = PBXGroup;
			children = (
				22075A222B7A99BF00ABEAF2 /* LabCh#5TabitaS.app */,
				22075A382B7A99C000ABEAF2 /* LabCh#5TabitaSTests.xctest */,
				22075A422B7A99C000ABEAF2 /* LabCh#5TabitaSUITests.xctest */,
			);
			name = Products;
			sourceTree = "<group>";
		};
		22075A242B7A99BF00ABEAF2 /* LabCh#5TabitaS */ = {
			isa = PBXGroup;
			children = (
				22075A252B7A99BF00ABEAF2 /* AppDelegate.swift */,
				22075A272B7A99BF00ABEAF2 /* SceneDelegate.swift */,
				22075A292B7A99BF00ABEAF2 /* ViewController.swift */,
				22075A2B2B7A99BF00ABEAF2 /* Main.storyboard */,
				22075A2E2B7A99C000ABEAF2 /* Assets.xcassets */,
				22075A302B7A99C000ABEAF2 /* LaunchScreen.storyboard */,
				22075A332B7A99C000ABEAF2 /* Info.plist */,
			);
			path = "LabCh#5TabitaS";
			sourceTree = "<group>";
		};
		22075A3B2B7A99C000ABEAF2 /* LabCh#5TabitaSTests */ = {
			isa = PBXGroup;
			children = (
				22075A3C2B7A99C000ABEAF2 /* LabCh_5TabitaSTests.swift */,
			);
			path = "LabCh#5TabitaSTests";
			sourceTree = "<group>";
		};
		22075A452B7A99C000ABEAF2 /* LabCh#5TabitaSUITests */ = {
			isa = PBXGroup;
			children = (
				22075A462B7A99C000ABEAF2 /* LabCh_5TabitaSUITests.swift */,
				22075A482B7A99C000ABEAF2 /* LabCh_5TabitaSUITestsLaunchTests.swift */,
			);
			path = "LabCh#5TabitaSUITests";
			sourceTree = "<group>";
		};
/* End PBXGroup section */

/* Begin PBXNativeTarget section */
		22075A212B7A99BF00ABEAF2 /* LabCh#5TabitaS */ = {
			isa = PBXNativeTarget;
			buildConfigurationList = 22075A4C2B7A99C000ABEAF2 /* Build configuration list for PBXNativeTarget "LabCh#5TabitaS" */;
			buildPhases = (
				22075A1E2B7A99BF00ABEAF2 /* Sources */,
				22075A1F2B7A99BF00ABEAF2 /* Frameworks */,
				22075A202B7A99BF00ABEAF2 /* Resources */,
			);
			buildRules = (
			);
			dependencies = (
			);
			name = "LabCh#5TabitaS";
			productName = "LabCh#5TabitaS";
			productReference = 22075A222B7A99BF00ABEAF2 /* LabCh#5TabitaS.app */;
			productType = "com.apple.product-type.application";
		};
		22075A372B7A99C000ABEAF2 /* LabCh#5TabitaSTests */ = {
			isa = PBXNativeTarget;
			buildConfigurationList = 22075A4F2B7A99C000ABEAF2 /* Build configuration list for PBXNativeTarget "LabCh#5TabitaSTests" */;
			buildPhases = (
				22075A342B7A99C000ABEAF2 /* Sources */,
				22075A352B7A99C000ABEAF2 /* Frameworks */,
				22075A362B7A99C000ABEAF2 /* Resources */,
			);
			buildRules = (
			);
			dependencies = (
				22075A3A2B7A99C000ABEAF2 /* PBXTargetDependency */,
			);
			name = "LabCh#5TabitaSTests";
			productName = "LabCh#5TabitaSTests";
			productReference = 22075A382B7A99C000ABEAF2 /* LabCh#5TabitaSTests.xctest */;
			productType = "com.apple.product-type.bundle.unit-test";
		};
		22075A412B7A99C000ABEAF2 /* LabCh#5TabitaSUITests */ = {
			isa = PBXNativeTarget;
			buildConfigurationList = 22075A522B7A99C000ABEAF2 /* Build configuration list for PBXNativeTarget "LabCh#5TabitaSUITests" */;
			buildPhases = (
				22075A3E2B7A99C000ABEAF2 /* Sources */,
				22075A3F2B7A99C000ABEAF2 /* Frameworks */,
				22075A402B7A99C000ABEAF2 /* Resources */,
			);
			buildRules = (
			);
			dependencies = (
				22075A442B7A99C000ABEAF2 /* PBXTargetDependency */,
			);
			name = "LabCh#5TabitaSUITests";
			productName = "LabCh#5TabitaSUITests";
			productReference = 22075A422B7A99C000ABEAF2 /* LabCh#5TabitaSUITests.xctest */;
			productType = "com.apple.product-type.bundle.ui-testing";
		};
/* End PBXNativeTarget section */

/* Begin PBXProject section */
		22075A1A2B7A99BF00ABEAF2 /* Project object */ = {
			isa = PBXProject;
			attributes = {
				BuildIndependentTargetsInParallel = 1;
				LastSwiftUpdateCheck = 1520;
				LastUpgradeCheck = 1520;
				TargetAttributes = {
					22075A212B7A99BF00ABEAF2 = {
						CreatedOnToolsVersion = 15.2;
					};
					22075A372B7A99C000ABEAF2 = {
						CreatedOnToolsVersion = 15.2;
						TestTargetID = 22075A212B7A99BF00ABEAF2;
					};
					22075A412B7A99C000ABEAF2 = {
						CreatedOnToolsVersion = 15.2;
						TestTargetID = 22075A212B7A99BF00ABEAF2;
					};
				};
			};
			buildConfigurationList = 22075A1D2B7A99BF00ABEAF2 /* Build configuration list for PBXProject "LabCh#5TabitaS" */;
			compatibilityVersion = "Xcode 14.0";
			developmentRegion = en;
			hasScannedForEncodings = 0;
			knownRegions = (
				en,
				Base,
			);
			mainGroup = 22075A192B7A99BF00ABEAF2;
			productRefGroup = 22075A232B7A99BF00ABEAF2 /* Products */;
			projectDirPath = "";
			projectRoot = "";
			targets = (
				22075A212B7A99BF00ABEAF2 /* LabCh#5TabitaS */,
				22075A372B7A99C000ABEAF2 /* LabCh#5TabitaSTests */,
				22075A412B7A99C000ABEAF2 /* LabCh#5TabitaSUITests */,
			);
		};
/* End PBXProject section */

/* Begin PBXResourcesBuildPhase section */
		22075A202B7A99BF00ABEAF2 /* Resources */ = {
			isa = PBXResourcesBuildPhase;
			buildActionMask = 2147483647;
			files = (
				22075A322B7A99C000ABEAF2 /* LaunchScreen.storyboard in Resources */,
				22075A2F2B7A99C000ABEAF2 /* Assets.xcassets in Resources */,
				22075A2D2B7A99BF00ABEAF2 /* Main.storyboard in Resources */,
			);
			runOnlyForDeploymentPostprocessing = 0;
		};
		22075A362B7A99C000ABEAF2 /* Resources */ = {
			isa = PBXResourcesBuildPhase;
			buildActionMask = 2147483647;
			files = (
			);
			runOnlyForDeploymentPostprocessing = 0;
		};
		22075A402B7A99C000ABEAF2 /* Resources */ = {
			isa = PBXResourcesBuildPhase;
			buildActionMask = 2147483647;
			files = (
			);
			runOnlyForDeploymentPostprocessing = 0;
		};
/* End PBXResourcesBuildPhase section */

/* Begin PBXSourcesBuildPhase section */
		22075A1E2B7A99BF00ABEAF2 /* Sources */ = {
			isa = PBXSourcesBuildPhase;
			buildActionMask = 2147483647;
			files = (
				22075A2A2B7A99BF00ABEAF2 /* ViewController.swift in Sources */,
				22075A262B7A99BF00ABEAF2 /* AppDelegate.swift in Sources */,
				22075A282B7A99BF00ABEAF2 /* SceneDelegate.swift in Sources */,
			);
			runOnlyForDeploymentPostprocessing = 0;
		};
		22075A342B7A99C000ABEAF2 /* Sources */ = {
			isa = PBXSourcesBuildPhase;
			buildActionMask = 2147483647;
			files = (
				22075A3D2B7A99C000ABEAF2 /* LabCh_5TabitaSTests.swift in Sources */,
			);
			runOnlyForDeploymentPostprocessing = 0;
		};
		22075A3E2B7A99C000ABEAF2 /* Sources */ = {
			isa = PBXSourcesBuildPhase;
			buildActionMask = 2147483647;
			files = (
				22075A492B7A99C000ABEAF2 /* LabCh_5TabitaSUITestsLaunchTests.swift in Sources */,
				22075A472B7A99C000ABEAF2 /* LabCh_5TabitaSUITests.swift in Sources */,
			);
			runOnlyForDeploymentPostprocessing = 0;
		};
/* End PBXSourcesBuildPhase section */

/* Begin PBXTargetDependency section */
		22075A3A2B7A99C000ABEAF2 /* PBXTargetDependency */ = {
			isa = PBXTargetDependency;
			target = 22075A212B7A99BF00ABEAF2 /* LabCh#5TabitaS */;
			targetProxy = 22075A392B7A99C000ABEAF2 /* PBXContainerItemProxy */;
		};
		22075A442B7A99C000ABEAF2 /* PBXTargetDependency */ = {
			isa = PBXTargetDependency;
			target = 22075A212B7A99BF00ABEAF2 /* LabCh#5TabitaS */;
			targetProxy = 22075A432B7A99C000ABEAF2 /* PBXContainerItemProxy */;
		};
/* End PBXTargetDependency section */

/* Begin PBXVariantGroup section */
		22075A2B2B7A99BF00ABEAF2 /* Main.storyboard */ = {
			isa = PBXVariantGroup;
			children = (
				22075A2C2B7A99BF00ABEAF2 /* Base */,
			);
			name = Main.storyboard;
			sourceTree = "<group>";
		};
		22075A302B7A99C000ABEAF2 /* LaunchScreen.storyboard */ = {
			isa = PBXVariantGroup;
			children = (
				22075A312B7A99C000ABEAF2 /* Base */,
			);
			name = LaunchScreen.storyboard;
			sourceTree = "<group>";
		};
/* End PBXVariantGroup section */

/* Begin XCBuildConfiguration section */
		22075A4A2B7A99C000ABEAF2 /* Debug */ = {
			isa = XCBuildConfiguration;
			buildSettings = {
				ALWAYS_SEARCH_USER_PATHS = NO;
				ASSETCATALOG_COMPILER_GENERATE_SWIFT_ASSET_SYMBOL_EXTENSIONS = YES;
				CLANG_ANALYZER_NONNULL = YES;
				CLANG_ANALYZER_NUMBER_OBJECT_CONVERSION = YES_AGGRESSIVE;
				CLANG_CXX_LANGUAGE_STANDARD = "gnu++20";
				CLANG_ENABLE_MODULES = YES;
				CLANG_ENABLE_OBJC_ARC = YES;
				CLANG_ENABLE_OBJC_WEAK = YES;
				CLANG_WARN_BLOCK_CAPTURE_AUTORELEASING = YES;
				CLANG_WARN_BOOL_CONVERSION = YES;
				CLANG_WARN_COMMA = YES;
				CLANG_WARN_CONSTANT_CONVERSION = YES;
				CLANG_WARN_DEPRECATED_OBJC_IMPLEMENTATIONS = YES;
				CLANG_WARN_DIRECT_OBJC_ISA_USAGE = YES_ERROR;
				CLANG_WARN_DOCUMENTATION_COMMENTS = YES;
				CLANG_WARN_EMPTY_BODY = YES;
				CLANG_WARN_ENUM_CONVERSION = YES;
				CLANG_WARN_INFINITE_RECURSION = YES;
				CLANG_WARN_INT_CONVERSION = YES;
				CLANG_WARN_NON_LITERAL_NULL_CONVERSION = YES;
				CLANG_WARN_OBJC_IMPLICIT_RETAIN_SELF = YES;
				CLANG_WARN_OBJC_LITERAL_CONVERSION = YES;
				CLANG_WARN_OBJC_ROOT_CLASS = YES_ERROR;
				CLANG_WARN_QUOTED_INCLUDE_IN_FRAMEWORK_HEADER = YES;
				CLANG_WARN_RANGE_LOOP_ANALYSIS = YES;
				CLANG_WARN_STRICT_PROTOTYPES = YES;
				CLANG_WARN_SUSPICIOUS_MOVE = YES;
				CLANG_WARN_UNGUARDED_AVAILABILITY = YES_AGGRESSIVE;
				CLANG_WARN_UNREACHABLE_CODE = YES;
				CLANG_WARN__DUPLICATE_METHOD_MATCH = YES;
				COPY_PHASE_STRIP = NO;
				DEBUG_INFORMATION_FORMAT = dwarf;
				ENABLE_STRICT_OBJC_MSGSEND = YES;
				ENABLE_TESTABILITY = YES;
				ENABLE_USER_SCRIPT_SANDBOXING = YES;
				GCC_C_LANGUAGE_STANDARD = gnu17;
				GCC_DYNAMIC_NO_PIC = NO;
				GCC_NO_COMMON_BLOCKS = YES;
				GCC_OPTIMIZATION_LEVEL = 0;
				GCC_PREPROCESSOR_DEFINITIONS = (
					"DEBUG=1",
					"$(inherited)",
				);
				GCC_WARN_64_TO_32_BIT_CONVERSION = YES;
				GCC_WARN_ABOUT_RETURN_TYPE = YES_ERROR;
				GCC_WARN_UNDECLARED_SELECTOR = YES;
				GCC_WARN_UNINITIALIZED_AUTOS = YES_AGGRESSIVE;
				GCC_WARN_UNUSED_FUNCTION = YES;
				GCC_WARN_UNUSED_VARIABLE = YES;
				IPHONEOS_DEPLOYMENT_TARGET = 17.2;
				LOCALIZATION_PREFERS_STRING_CATALOGS = YES;
				MTL_ENABLE_DEBUG_INFO = INCLUDE_SOURCE;
				MTL_FAST_MATH = YES;
				ONLY_ACTIVE_ARCH = YES;
				SDKROOT = iphoneos;
				SWIFT_ACTIVE_COMPILATION_CONDITIONS = "DEBUG $(inherited)";
				SWIFT_OPTIMIZATION_LEVEL = "-Onone";
			};
			name = Debug;
		};
		22075A4B2B7A99C000ABEAF2 /* Release */ = {
			isa = XCBuildConfiguration;
			buildSettings = {
				ALWAYS_SEARCH_USER_PATHS = NO;
				ASSETCATALOG_COMPILER_GENERATE_SWIFT_ASSET_SYMBOL_EXTENSIONS = YES;
				CLANG_ANALYZER_NONNULL = YES;
				CLANG_ANALYZER_NUMBER_OBJECT_CONVERSION = YES_AGGRESSIVE;
				CLANG_CXX_LANGUAGE_STANDARD = "gnu++20";
				CLANG_ENABLE_MODULES = YES;
				CLANG_ENABLE_OBJC_ARC = YES;
				CLANG_ENABLE_OBJC_WEAK = YES;
				CLANG_WARN_BLOCK_CAPTURE_AUTORELEASING = YES;
				CLANG_WARN_BOOL_CONVERSION = YES;
				CLANG_WARN_COMMA = YES;
				CLANG_WARN_CONSTANT_CONVERSION = YES;
				CLANG_WARN_DEPRECATED_OBJC_IMPLEMENTATIONS = YES;
				CLANG_WARN_DIRECT_OBJC_ISA_USAGE = YES_ERROR;
				CLANG_WARN_DOCUMENTATION_COMMENTS = YES;
				CLANG_WARN_EMPTY_BODY = YES;
				CLANG_WARN_ENUM_CONVERSION = YES;
				CLANG_WARN_INFINITE_RECURSION = YES;
				CLANG_WARN_INT_CONVERSION = YES;
				CLANG_WARN_NON_LITERAL_NULL_CONVERSION = YES;
				CLANG_WARN_OBJC_IMPLICIT_RETAIN_SELF = YES;
				CLANG_WARN_OBJC_LITERAL_CONVERSION = YES;
				CLANG_WARN_OBJC_ROOT_CLASS = YES_ERROR;
				CLANG_WARN_QUOTED_INCLUDE_IN_FRAMEWORK_HEADER = YES;
				CLANG_WARN_RANGE_LOOP_ANALYSIS = YES;
				CLANG_WARN_STRICT_PROTOTYPES = YES;
				CLANG_WARN_SUSPICIOUS_MOVE = YES;
				CLANG_WARN_UNGUARDED_AVAILABILITY = YES_AGGRESSIVE;
				CLANG_WARN_UNREACHABLE_CODE = YES;
				CLANG_WARN__DUPLICATE_METHOD_MATCH = YES;
				COPY_PHASE_STRIP = NO;
				DEBUG_INFORMATION_FORMAT = "dwarf-with-dsym";
				ENABLE_NS_ASSERTIONS = NO;
				ENABLE_STRICT_OBJC_MSGSEND = YES;
				ENABLE_USER_SCRIPT_SANDBOXING = YES;
				GCC_C_LANGUAGE_STANDARD = gnu17;
				GCC_NO_COMMON_BLOCKS = YES;
				GCC_WARN_64_TO_32_BIT_CONVERSION = YES;
				GCC_WARN_ABOUT_RETURN_TYPE = YES_ERROR;
				GCC_WARN_UNDECLARED_SELECTOR = YES;
				GCC_WARN_UNINITIALIZED_AUTOS = YES_AGGRESSIVE;
				GCC_WARN_UNUSED_FUNCTION = YES;
				GCC_WARN_UNUSED_VARIABLE = YES;
				IPHONEOS_DEPLOYMENT_TARGET = 17.2;
				LOCALIZATION_PREFERS_STRING_CATALOGS = YES;
				MTL_ENABLE_DEBUG_INFO = NO;
				MTL_FAST_MATH = YES;
				SDKROOT = iphoneos;
				SWIFT_COMPILATION_MODE = wholemodule;
				VALIDATE_PRODUCT = YES;
			};
			name = Release;
		};
		22075A4D2B7A99C000ABEAF2 /* Debug */ = {
			isa = XCBuildConfiguration;
			buildSettings = {
				ASSETCATALOG_COMPILER_APPICON_NAME = AppIcon;
				ASSETCATALOG_COMPILER_GLOBAL_ACCENT_COLOR_NAME = AccentColor;
				CODE_SIGN_STYLE = Automatic;
				CURRENT_PROJECT_VERSION = 1;
				DEVELOPMENT_TEAM = T44788J83Y;
				GENERATE_INFOPLIST_FILE = YES;
				INFOPLIST_FILE = "LabCh#5TabitaS/Info.plist";
				INFOPLIST_KEY_UIApplicationSupportsIndirectInputEvents = YES;
				INFOPLIST_KEY_UILaunchStoryboardName = LaunchScreen;
				INFOPLIST_KEY_UIMainStoryboardFile = Main;
				INFOPLIST_KEY_UISupportedInterfaceOrientations_iPad = "UIInterfaceOrientationPortrait UIInterfaceOrientationPortraitUpsideDown UIInterfaceOrientationLandscapeLeft UIInterfaceOrientationLandscapeRight";
				INFOPLIST_KEY_UISupportedInterfaceOrientations_iPhone = "UIInterfaceOrientationPortrait UIInterfaceOrientationLandscapeLeft UIInterfaceOrientationLandscapeRight";
				LD_RUNPATH_SEARCH_PATHS = (
					"$(inherited)",
					"@executable_path/Frameworks",
				);
				MARKETING_VERSION = 1.0;
				PRODUCT_BUNDLE_IDENTIFIER = "Tabita.LabCh-5TabitaS";
				PRODUCT_NAME = "$(TARGET_NAME)";
				SWIFT_EMIT_LOC_STRINGS = YES;
				SWIFT_VERSION = 5.0;
				TARGETED_DEVICE_FAMILY = "1,2";
			};
			name = Debug;
		};
		22075A4E2B7A99C000ABEAF2 /* Release */ = {
			isa = XCBuildConfiguration;
			buildSettings = {
				ASSETCATALOG_COMPILER_APPICON_NAME = AppIcon;
				ASSETCATALOG_COMPILER_GLOBAL_ACCENT_COLOR_NAME = AccentColor;
				CODE_SIGN_STYLE = Automatic;
				CURRENT_PROJECT_VERSION = 1;
				DEVELOPMENT_TEAM = T44788J83Y;
				GENERATE_INFOPLIST_FILE = YES;
				INFOPLIST_FILE = "LabCh#5TabitaS/Info.plist";
				INFOPLIST_KEY_UIApplicationSupportsIndirectInputEvents = YES;
				INFOPLIST_KEY_UILaunchStoryboardName = LaunchScreen;
				INFOPLIST_KEY_UIMainStoryboardFile = Main;
				INFOPLIST_KEY_UISupportedInterfaceOrientations_iPad = "UIInterfaceOrientationPortrait UIInterfaceOrientationPortraitUpsideDown UIInterfaceOrientationLandscapeLeft UIInterfaceOrientationLandscapeRight";
				INFOPLIST_KEY_UISupportedInterfaceOrientations_iPhone = "UIInterfaceOrientationPortrait UIInterfaceOrientationLandscapeLeft UIInterfaceOrientationLandscapeRight";
				LD_RUNPATH_SEARCH_PATHS = (
					"$(inherited)",
					"@executable_path/Frameworks",
				);
				MARKETING_VERSION = 1.0;
				PRODUCT_BUNDLE_IDENTIFIER = "Tabita.LabCh-5TabitaS";
				PRODUCT_NAME = "$(TARGET_NAME)";
				SWIFT_EMIT_LOC_STRINGS = YES;
				SWIFT_VERSION = 5.0;
				TARGETED_DEVICE_FAMILY = "1,2";
			};
			name = Release;
		};
		22075A502B7A99C000ABEAF2 /* Debug */ = {
			isa = XCBuildConfiguration;
			buildSettings = {
				ALWAYS_EMBED_SWIFT_STANDARD_LIBRARIES = YES;
				BUNDLE_LOADER = "$(TEST_HOST)";
				CODE_SIGN_STYLE = Automatic;
				CURRENT_PROJECT_VERSION = 1;
				DEVELOPMENT_TEAM = T44788J83Y;
				GENERATE_INFOPLIST_FILE = YES;
				IPHONEOS_DEPLOYMENT_TARGET = 17.2;
				MARKETING_VERSION = 1.0;
				PRODUCT_BUNDLE_IDENTIFIER = "Tabita.LabCh-5TabitaSTests";
				PRODUCT_NAME = "$(TARGET_NAME)";
				SWIFT_EMIT_LOC_STRINGS = NO;
				SWIFT_VERSION = 5.0;
				TARGETED_DEVICE_FAMILY = "1,2";
				TEST_HOST = "$(BUILT_PRODUCTS_DIR)/LabCh#5TabitaS.app/$(BUNDLE_EXECUTABLE_FOLDER_PATH)/LabCh#5TabitaS";
			};
			name = Debug;
		};
		22075A512B7A99C000ABEAF2 /* Release */ = {
			isa = XCBuildConfiguration;
			buildSettings = {
				ALWAYS_EMBED_SWIFT_STANDARD_LIBRARIES = YES;
				BUNDLE_LOADER = "$(TEST_HOST)";
				CODE_SIGN_STYLE = Automatic;
				CURRENT_PROJECT_VERSION = 1;
				DEVELOPMENT_TEAM = T44788J83Y;
				GENERATE_INFOPLIST_FILE = YES;
				IPHONEOS_DEPLOYMENT_TARGET = 17.2;
				MARKETING_VERSION = 1.0;
				PRODUCT_BUNDLE_IDENTIFIER = "Tabita.LabCh-5TabitaSTests";
				PRODUCT_NAME = "$(TARGET_NAME)";
				SWIFT_EMIT_LOC_STRINGS = NO;
				SWIFT_VERSION = 5.0;
				TARGETED_DEVICE_FAMILY = "1,2";
				TEST_HOST = "$(BUILT_PRODUCTS_DIR)/LabCh#5TabitaS.app/$(BUNDLE_EXECUTABLE_FOLDER_PATH)/LabCh#5TabitaS";
			};
			name = Release;
		};
		22075A532B7A99C000ABEAF2 /* Debug */ = {
			isa = XCBuildConfiguration;
			buildSettings = {
				ALWAYS_EMBED_SWIFT_STANDARD_LIBRARIES = YES;
				CODE_SIGN_STYLE = Automatic;
				CURRENT_PROJECT_VERSION = 1;
				DEVELOPMENT_TEAM = T44788J83Y;
				GENERATE_INFOPLIST_FILE = YES;
				MARKETING_VERSION = 1.0;
				PRODUCT_BUNDLE_IDENTIFIER = "Tabita.LabCh-5TabitaSUITests";
				PRODUCT_NAME = "$(TARGET_NAME)";
				SWIFT_EMIT_LOC_STRINGS = NO;
				SWIFT_VERSION = 5.0;
				TARGETED_DEVICE_FAMILY = "1,2";
				TEST_TARGET_NAME = "LabCh#5TabitaS";
			};
			name = Debug;
		};
		22075A542B7A99C000ABEAF2 /* Release */ = {
			isa = XCBuildConfiguration;
			buildSettings = {
				ALWAYS_EMBED_SWIFT_STANDARD_LIBRARIES = YES;
				CODE_SIGN_STYLE = Automatic;
				CURRENT_PROJECT_VERSION = 1;
				DEVELOPMENT_TEAM = T44788J83Y;
				GENERATE_INFOPLIST_FILE = YES;
				MARKETING_VERSION = 1.0;
				PRODUCT_BUNDLE_IDENTIFIER = "Tabita.LabCh-5TabitaSUITests";
				PRODUCT_NAME = "$(TARGET_NAME)";
				SWIFT_EMIT_LOC_STRINGS = NO;
				SWIFT_VERSION = 5.0;
				TARGETED_DEVICE_FAMILY = "1,2";
				TEST_TARGET_NAME = "LabCh#5TabitaS";
			};
			name = Release;
		};
/* End XCBuildConfiguration section */

/* Begin XCConfigurationList section */
		22075A1D2B7A99BF00ABEAF2 /* Build configuration list for PBXProject "LabCh#5TabitaS" */ = {
			isa = XCConfigurationList;
			buildConfigurations = (
				22075A4A2B7A99C000ABEAF2 /* Debug */,
				22075A4B2B7A99C000ABEAF2 /* Release */,
			);
			defaultConfigurationIsVisible = 0;
			defaultConfigurationName = Release;
		};
		22075A4C2B7A99C000ABEAF2 /* Build configuration list for PBXNativeTarget "LabCh#5TabitaS" */ = {
			isa = XCConfigurationList;
			buildConfigurations = (
				22075A4D2B7A99C000ABEAF2 /* Debug */,
				22075A4E2B7A99C000ABEAF2 /* Release */,
			);
			defaultConfigurationIsVisible = 0;
			defaultConfigurationName = Release;
		};
		22075A4F2B7A99C000ABEAF2 /* Build configuration list for PBXNativeTarget "LabCh#5TabitaSTests" */ = {
			isa = XCConfigurationList;
			buildConfigurations = (
				22075A502B7A99C000ABEAF2 /* Debug */,
				22075A512B7A99C000ABEAF2 /* Release */,
			);
			defaultConfigurationIsVisible = 0;
			defaultConfigurationName = Release;
		};
		22075A522B7A99C000ABEAF2 /* Build configuration list for PBXNativeTarget "LabCh#5TabitaSUITests" */ = {
			isa = XCConfigurationList;
			buildConfigurations = (
				22075A532B7A99C000ABEAF2 /* Debug */,
				22075A542B7A99C000ABEAF2 /* Release */,
			);
			defaultConfigurationIsVisible = 0;
			defaultConfigurationName = Release;
		};
/* End XCConfigurationList section */
	};
	rootObject = 22075A1A2B7A99BF00ABEAF2 /* Project object */;
}
